// !$*UTF8*$!
{
	archiveVersion = 1;
	classes = {
	};
	objectVersion = 56;
	objects = {

/* Begin PBXBuildFile section */
		2758F8D52AC7739F0093BFA2 /* Tabs_swiftUIApp.swift in Sources */ = {isa = PBXBuildFile; fileRef = 2758F8D42AC7739F0093BFA2 /* Tabs_swiftUIApp.swift */; };
		2758F8D72AC7739F0093BFA2 /* ContentView.swift in Sources */ = {isa = PBXBuildFile; fileRef = 2758F8D62AC7739F0093BFA2 /* ContentView.swift */; };
		2758F8D92AC773A30093BFA2 /* Assets.xcassets in Resources */ = {isa = PBXBuildFile; fileRef = 2758F8D82AC773A30093BFA2 /* Assets.xcassets */; };
		2758F8DC2AC773A30093BFA2 /* Preview Assets.xcassets in Resources */ = {isa = PBXBuildFile; fileRef = 2758F8DB2AC773A30093BFA2 /* Preview Assets.xcassets */; };
		2758F8E32AC7B7BC0093BFA2 /* TabViewCustom.swift in Sources */ = {isa = PBXBuildFile; fileRef = 2758F8E22AC7B7BC0093BFA2 /* TabViewCustom.swift */; };
		2758F8E52AC7B9630093BFA2 /* Favorite.swift in Sources */ = {isa = PBXBuildFile; fileRef = 2758F8E42AC7B9630093BFA2 /* Favorite.swift */; };
		2758F8E72AC7BE260093BFA2 /* ToolbarView.swift in Sources */ = {isa = PBXBuildFile; fileRef = 2758F8E62AC7BE260093BFA2 /* ToolbarView.swift */; };
		2758F8E92AC7C8960093BFA2 /* Countries.json in Resources */ = {isa = PBXBuildFile; fileRef = 2758F8E82AC7C8960093BFA2 /* Countries.json */; };
		2758F8EB2AC88AF80093BFA2 /* SearchView.swift in Sources */ = {isa = PBXBuildFile; fileRef = 2758F8EA2AC88AF80093BFA2 /* SearchView.swift */; };
/* End PBXBuildFile section */

/* Begin PBXFileReference section */
		2758F8D12AC7739F0093BFA2 /* Tabs-swiftUI.app */ = {isa = PBXFileReference; explicitFileType = wrapper.application; includeInIndex = 0; path = "Tabs-swiftUI.app"; sourceTree = BUILT_PRODUCTS_DIR; };
		2758F8D42AC7739F0093BFA2 /* Tabs_swiftUIApp.swift */ = {isa = PBXFileReference; lastKnownFileType = sourcecode.swift; path = Tabs_swiftUIApp.swift; sourceTree = "<group>"; };
		2758F8D62AC7739F0093BFA2 /* ContentView.swift */ = {isa = PBXFileReference; lastKnownFileType = sourcecode.swift; path = ContentView.swift; sourceTree = "<group>"; };
		2758F8D82AC773A30093BFA2 /* Assets.xcassets */ = {isa = PBXFileReference; lastKnownFileType = folder.assetcatalog; path = Assets.xcassets; sourceTree = "<group>"; };
		2758F8DB2AC773A30093BFA2 /* Preview Assets.xcassets */ = {isa = PBXFileReference; lastKnownFileType = folder.assetcatalog; path = "Preview Assets.xcassets"; sourceTree = "<group>"; };
		2758F8E22AC7B7BC0093BFA2 /* TabViewCustom.swift */ = {isa = PBXFileReference; lastKnownFileType = sourcecode.swift; path = TabViewCustom.swift; sourceTree = "<group>"; };
		2758F8E42AC7B9630093BFA2 /* Favorite.swift */ = {isa = PBXFileReference; lastKnownFileType = sourcecode.swift; path = Favorite.swift; sourceTree = "<group>"; };
		2758F8E62AC7BE260093BFA2 /* ToolbarView.swift */ = {isa = PBXFileReference; lastKnownFileType = sourcecode.swift; path = ToolbarView.swift; sourceTree = "<group>"; };
		2758F8E82AC7C8960093BFA2 /* Countries.json */ = {isa = PBXFileReference; fileEncoding = 4; lastKnownFileType = text.json; path = Countries.json; sourceTree = "<group>"; };
		2758F8EA2AC88AF80093BFA2 /* SearchView.swift */ = {isa = PBXFileReference; lastKnownFileType = sourcecode.swift; path = SearchView.swift; sourceTree = "<group>"; };
/* End PBXFileReference section */

/* Begin PBXFrameworksBuildPhase section */
		2758F8CE2AC7739F0093BFA2 /* Frameworks */ = {
			isa = PBXFrameworksBuildPhase;
			buildActionMask = 2147483647;
			files = (
			);
			runOnlyForDeploymentPostprocessing = 0;
		};
/* End PBXFrameworksBuildPhase section */

/* Begin PBXGroup section */
		2758F8C82AC7739F0093BFA2 = {
			isa = PBXGroup;
			children = (
				2758F8D32AC7739F0093BFA2 /* Tabs-swiftUI */,
				2758F8D22AC7739F0093BFA2 /* Products */,
			);
			sourceTree = "<group>";
		};
		2758F8D22AC7739F0093BFA2 /* Products */ = {
			isa = PBXGroup;
			children = (
				2758F8D12AC7739F0093BFA2 /* Tabs-swiftUI.app */,
			);
			name = Products;
			sourceTree = "<group>";
		};
		2758F8D32AC7739F0093BFA2 /* Tabs-swiftUI */ = {
			isa = PBXGroup;
			children = (
				2758F8D42AC7739F0093BFA2 /* Tabs_swiftUIApp.swift */,
				2758F8D62AC7739F0093BFA2 /* ContentView.swift */,
				2758F8D82AC773A30093BFA2 /* Assets.xcassets */,
				2758F8DA2AC773A30093BFA2 /* Preview Content */,
				2758F8E22AC7B7BC0093BFA2 /* TabViewCustom.swift */,
				2758F8E42AC7B9630093BFA2 /* Favorite.swift */,
				2758F8E62AC7BE260093BFA2 /* ToolbarView.swift */,
				2758F8E82AC7C8960093BFA2 /* Countries.json */,
				2758F8EA2AC88AF80093BFA2 /* SearchView.swift */,
			);
			path = "Tabs-swiftUI";
			sourceTree = "<group>";
		};
		2758F8DA2AC773A30093BFA2 /* Preview Content */ = {
			isa = PBXGroup;
			children = (
				2758F8DB2AC773A30093BFA2 /* Preview Assets.xcassets */,
			);
			path = "Preview Content";
			sourceTree = "<group>";
		};
/* End PBXGroup section */

/* Begin PBXNativeTarget section */
		2758F8D02AC7739F0093BFA2 /* Tabs-swiftUI */ = {
			isa = PBXNativeTarget;
			buildConfigurationList = 2758F8DF2AC773A30093BFA2 /* Build configuration list for PBXNativeTarget "Tabs-swiftUI" */;
			buildPhases = (
				2758F8CD2AC7739F0093BFA2 /* Sources */,
				2758F8CE2AC7739F0093BFA2 /* Frameworks */,
				2758F8CF2AC7739F0093BFA2 /* Resources */,
			);
			buildRules = (
			);
			dependencies = (
			);
			name = "Tabs-swiftUI";
			productName = "Tabs-swiftUI";
			productReference = 2758F8D12AC7739F0093BFA2 /* Tabs-swiftUI.app */;
			productType = "com.apple.product-type.application";
		};
/* End PBXNativeTarget section */

/* Begin PBXProject section */
		2758F8C92AC7739F0093BFA2 /* Project object */ = {
			isa = PBXProject;
			attributes = {
				BuildIndependentTargetsInParallel = 1;
				LastSwiftUpdateCheck = 1500;
				LastUpgradeCheck = 1500;
				TargetAttributes = {
					2758F8D02AC7739F0093BFA2 = {
						CreatedOnToolsVersion = 15.0;
					};
				};
			};
			buildConfigurationList = 2758F8CC2AC7739F0093BFA2 /* Build configuration list for PBXProject "Tabs-swiftUI" */;
			compatibilityVersion = "Xcode 14.0";
			developmentRegion = en;
			hasScannedForEncodings = 0;
			knownRegions = (
				en,
				Base,
			);
			mainGroup = 2758F8C82AC7739F0093BFA2;
			productRefGroup = 2758F8D22AC7739F0093BFA2 /* Products */;
			projectDirPath = "";
			projectRoot = "";
			targets = (
				2758F8D02AC7739F0093BFA2 /* Tabs-swiftUI */,
			);
		};
/* End PBXProject section */

/* Begin PBXResourcesBuildPhase section */
		2758F8CF2AC7739F0093BFA2 /* Resources */ = {
			isa = PBXResourcesBuildPhase;
			buildActionMask = 2147483647;
			files = (
				2758F8DC2AC773A30093BFA2 /* Preview Assets.xcassets in Resources */,
				2758F8E92AC7C8960093BFA2 /* Countries.json in Resources */,
				2758F8D92AC773A30093BFA2 /* Assets.xcassets in Resources */,
			);
			runOnlyForDeploymentPostprocessing = 0;
		};
/* End PBXResourcesBuildPhase section */

/* Begin PBXSourcesBuildPhase section */
		2758F8CD2AC7739F0093BFA2 /* Sources */ = {
			isa = PBXSourcesBuildPhase;
			buildActionMask = 2147483647;
			files = (
				2758F8D72AC7739F0093BFA2 /* ContentView.swift in Sources */,
				2758F8E72AC7BE260093BFA2 /* ToolbarView.swift in Sources */,
				2758F8E52AC7B9630093BFA2 /* Favorite.swift in Sources */,
				2758F8D52AC7739F0093BFA2 /* Tabs_swiftUIApp.swift in Sources */,
				2758F8EB2AC88AF80093BFA2 /* SearchView.swift in Sources */,
				2758F8E32AC7B7BC0093BFA2 /* TabViewCustom.swift in Sources */,
			);
			runOnlyForDeploymentPostprocessing = 0;
		};
/* End PBXSourcesBuildPhase section */

/* Begin XCBuildConfiguration section */
		2758F8DD2AC773A30093BFA2 /* Debug */ = {
			isa = XCBuildConfiguration;
			buildSettings = {
				ALWAYS_SEARCH_USER_PATHS = NO;
				ASSETCATALOG_COMPILER_GENERATE_SWIFT_ASSET_SYMBOL_EXTENSIONS = YES;
				CLANG_ANALYZER_NONNULL = YES;
				CLANG_ANALYZER_NUMBER_OBJECT_CONVERSION = YES_AGGRESSIVE;
				CLANG_CXX_LANGUAGE_STANDARD = "gnu++20";
				CLANG_ENABLE_MODULES = YES;
				CLANG_ENABLE_OBJC_ARC = YES;
				CLANG_ENABLE_OBJC_WEAK = YES;
				CLANG_WARN_BLOCK_CAPTURE_AUTORELEASING = YES;
				CLANG_WARN_BOOL_CONVERSION = YES;
				CLANG_WARN_COMMA = YES;
				CLANG_WARN_CONSTANT_CONVERSION = YES;
				CLANG_WARN_DEPRECATED_OBJC_IMPLEMENTATIONS = YES;
				CLANG_WARN_DIRECT_OBJC_ISA_USAGE = YES_ERROR;
				CLANG_WARN_DOCUMENTATION_COMMENTS = YES;
				CLANG_WARN_EMPTY_BODY = YES;
				CLANG_WARN_ENUM_CONVERSION = YES;
				CLANG_WARN_INFINITE_RECURSION = YES;
				CLANG_WARN_INT_CONVERSION = YES;
				CLANG_WARN_NON_LITERAL_NULL_CONVERSION = YES;
				CLANG_WARN_OBJC_IMPLICIT_RETAIN_SELF = YES;
				CLANG_WARN_OBJC_LITERAL_CONVERSION = YES;
				CLANG_WARN_OBJC_ROOT_CLASS = YES_ERROR;
				CLANG_WARN_QUOTED_INCLUDE_IN_FRAMEWORK_HEADER = YES;
				CLANG_WARN_RANGE_LOOP_ANALYSIS = YES;
				CLANG_WARN_STRICT_PROTOTYPES = YES;
				CLANG_WARN_SUSPICIOUS_MOVE = YES;
				CLANG_WARN_UNGUARDED_AVAILABILITY = YES_AGGRESSIVE;
				CLANG_WARN_UNREACHABLE_CODE = YES;
				CLANG_WARN__DUPLICATE_METHOD_MATCH = YES;
				COPY_PHASE_STRIP = NO;
				DEBUG_INFORMATION_FORMAT = dwarf;
				ENABLE_STRICT_OBJC_MSGSEND = YES;
				ENABLE_TESTABILITY = YES;
				ENABLE_USER_SCRIPT_SANDBOXING = YES;
				GCC_C_LANGUAGE_STANDARD = gnu17;
				GCC_DYNAMIC_NO_PIC = NO;
				GCC_NO_COMMON_BLOCKS = YES;
				GCC_OPTIMIZATION_LEVEL = 0;
				GCC_PREPROCESSOR_DEFINITIONS = (
					"DEBUG=1",
					"$(inherited)",
				);
				GCC_WARN_64_TO_32_BIT_CONVERSION = YES;
				GCC_WARN_ABOUT_RETURN_TYPE = YES_ERROR;
				GCC_WARN_UNDECLARED_SELECTOR = YES;
				GCC_WARN_UNINITIALIZED_AUTOS = YES_AGGRESSIVE;
				GCC_WARN_UNUSED_FUNCTION = YES;
				GCC_WARN_UNUSED_VARIABLE = YES;
				IPHONEOS_DEPLOYMENT_TARGET = 17.0;
				LOCALIZATION_PREFERS_STRING_CATALOGS = YES;
				MTL_ENABLE_DEBUG_INFO = INCLUDE_SOURCE;
				MTL_FAST_MATH = YES;
				ONLY_ACTIVE_ARCH = YES;
				SDKROOT = iphoneos;
				SWIFT_ACTIVE_COMPILATION_CONDITIONS = "DEBUG $(inherited)";
				SWIFT_OPTIMIZATION_LEVEL = "-Onone";
			};
			name = Debug;
		};
		2758F8DE2AC773A30093BFA2 /* Release */ = {
			isa = XCBuildConfiguration;
			buildSettings = {
				ALWAYS_SEARCH_USER_PATHS = NO;
				ASSETCATALOG_COMPILER_GENERATE_SWIFT_ASSET_SYMBOL_EXTENSIONS = YES;
				CLANG_ANALYZER_NONNULL = YES;
				CLANG_ANALYZER_NUMBER_OBJECT_CONVERSION = YES_AGGRESSIVE;
				CLANG_CXX_LANGUAGE_STANDARD = "gnu++20";
				CLANG_ENABLE_MODULES = YES;
				CLANG_ENABLE_OBJC_ARC = YES;
				CLANG_ENABLE_OBJC_WEAK = YES;
				CLANG_WARN_BLOCK_CAPTURE_AUTORELEASING = YES;
				CLANG_WARN_BOOL_CONVERSION = YES;
				CLANG_WARN_COMMA = YES;
				CLANG_WARN_CONSTANT_CONVERSION = YES;
				CLANG_WARN_DEPRECATED_OBJC_IMPLEMENTATIONS = YES;
				CLANG_WARN_DIRECT_OBJC_ISA_USAGE = YES_ERROR;
				CLANG_WARN_DOCUMENTATION_COMMENTS = YES;
				CLANG_WARN_EMPTY_BODY = YES;
				CLANG_WARN_ENUM_CONVERSION = YES;
				CLANG_WARN_INFINITE_RECURSION = YES;
				CLANG_WARN_INT_CONVERSION = YES;
				CLANG_WARN_NON_LITERAL_NULL_CONVERSION = YES;
				CLANG_WARN_OBJC_IMPLICIT_RETAIN_SELF = YES;
				CLANG_WARN_OBJC_LITERAL_CONVERSION = YES;
				CLANG_WARN_OBJC_ROOT_CLASS = YES_ERROR;
				CLANG_WARN_QUOTED_INCLUDE_IN_FRAMEWORK_HEADER = YES;
				CLANG_WARN_RANGE_LOOP_ANALYSIS = YES;
				CLANG_WARN_STRICT_PROTOTYPES = YES;
				CLANG_WARN_SUSPICIOUS_MOVE = YES;
				CLANG_WARN_UNGUARDED_AVAILABILITY = YES_AGGRESSIVE;
				CLANG_WARN_UNREACHABLE_CODE = YES;
				CLANG_WARN__DUPLICATE_METHOD_MATCH = YES;
				COPY_PHASE_STRIP = NO;
				DEBUG_INFORMATION_FORMAT = "dwarf-with-dsym";
				ENABLE_NS_ASSERTIONS = NO;
				ENABLE_STRICT_OBJC_MSGSEND = YES;
				ENABLE_USER_SCRIPT_SANDBOXING = YES;
				GCC_C_LANGUAGE_STANDARD = gnu17;
				GCC_NO_COMMON_BLOCKS = YES;
				GCC_WARN_64_TO_32_BIT_CONVERSION = YES;
				GCC_WARN_ABOUT_RETURN_TYPE = YES_ERROR;
				GCC_WARN_UNDECLARED_SELECTOR = YES;
				GCC_WARN_UNINITIALIZED_AUTOS = YES_AGGRESSIVE;
				GCC_WARN_UNUSED_FUNCTION = YES;
				GCC_WARN_UNUSED_VARIABLE = YES;
				IPHONEOS_DEPLOYMENT_TARGET = 17.0;
				LOCALIZATION_PREFERS_STRING_CATALOGS = YES;
				MTL_ENABLE_DEBUG_INFO = NO;
				MTL_FAST_MATH = YES;
				SDKROOT = iphoneos;
				SWIFT_COMPILATION_MODE = wholemodule;
				VALIDATE_PRODUCT = YES;
			};
			name = Release;
		};
		2758F8E02AC773A30093BFA2 /* Debug */ = {
			isa = XCBuildConfiguration;
			buildSettings = {
				ASSETCATALOG_COMPILER_APPICON_NAME = AppIcon;
				ASSETCATALOG_COMPILER_GLOBAL_ACCENT_COLOR_NAME = AccentColor;
				CODE_SIGN_STYLE = Automatic;
				CURRENT_PROJECT_VERSION = 1;
				DEVELOPMENT_ASSET_PATHS = "\"Tabs-swiftUI/Preview Content\"";
				DEVELOPMENT_TEAM = X7YQJ3LLJ7;
				ENABLE_PREVIEWS = YES;
				GENERATE_INFOPLIST_FILE = YES;
				INFOPLIST_KEY_UIApplicationSceneManifest_Generation = YES;
				INFOPLIST_KEY_UIApplicationSupportsIndirectInputEvents = YES;
				INFOPLIST_KEY_UILaunchScreen_Generation = YES;
				INFOPLIST_KEY_UISupportedInterfaceOrientations_iPad = "UIInterfaceOrientationPortrait UIInterfaceOrientationPortraitUpsideDown UIInterfaceOrientationLandscapeLeft UIInterfaceOrientationLandscapeRight";
				INFOPLIST_KEY_UISupportedInterfaceOrientations_iPhone = "UIInterfaceOrientationPortrait UIInterfaceOrientationLandscapeLeft UIInterfaceOrientationLandscapeRight";
				LD_RUNPATH_SEARCH_PATHS = (
					"$(inherited)",
					"@executable_path/Frameworks",
				);
				MARKETING_VERSION = 1.0;
				PRODUCT_BUNDLE_IDENTIFIER = "com.jrd.Tabs-swiftUI";
				PRODUCT_NAME = "$(TARGET_NAME)";
				SWIFT_EMIT_LOC_STRINGS = YES;
				SWIFT_VERSION = 5.0;
				TARGETED_DEVICE_FAMILY = "1,2";
			};
			name = Debug;
		};
		2758F8E12AC773A30093BFA2 /* Release */ = {
			isa = XCBuildConfiguration;
			buildSettings = {
				ASSETCATALOG_COMPILER_APPICON_NAME = AppIcon;
				ASSETCATALOG_COMPILER_GLOBAL_ACCENT_COLOR_NAME = AccentColor;
				CODE_SIGN_STYLE = Automatic;
				CURRENT_PROJECT_VERSION = 1;
				DEVELOPMENT_ASSET_PATHS = "\"Tabs-swiftUI/Preview Content\"";
				DEVELOPMENT_TEAM = X7YQJ3LLJ7;
				ENABLE_PREVIEWS = YES;
				GENERATE_INFOPLIST_FILE = YES;
				INFOPLIST_KEY_UIApplicationSceneManifest_Generation = YES;
				INFOPLIST_KEY_UIApplicationSupportsIndirectInputEvents = YES;
				INFOPLIST_KEY_UILaunchScreen_Generation = YES;
				INFOPLIST_KEY_UISupportedInterfaceOrientations_iPad = "UIInterfaceOrientationPortrait UIInterfaceOrientationPortraitUpsideDown UIInterfaceOrientationLandscapeLeft UIInterfaceOrientationLandscapeRight";
				INFOPLIST_KEY_UISupportedInterfaceOrientations_iPhone = "UIInterfaceOrientationPortrait UIInterfaceOrientationLandscapeLeft UIInterfaceOrientationLandscapeRight";
				LD_RUNPATH_SEARCH_PATHS = (
					"$(inherited)",
					"@executable_path/Frameworks",
				);
				MARKETING_VERSION = 1.0;
				PRODUCT_BUNDLE_IDENTIFIER = "com.jrd.Tabs-swiftUI";
				PRODUCT_NAME = "$(TARGET_NAME)";
				SWIFT_EMIT_LOC_STRINGS = YES;
				SWIFT_VERSION = 5.0;
				TARGETED_DEVICE_FAMILY = "1,2";
			};
			name = Release;
		};
/* End XCBuildConfiguration section */

/* Begin XCConfigurationList section */
		2758F8CC2AC7739F0093BFA2 /* Build configuration list for PBXProject "Tabs-swiftUI" */ = {
			isa = XCConfigurationList;
			buildConfigurations = (
				2758F8DD2AC773A30093BFA2 /* Debug */,
				2758F8DE2AC773A30093BFA2 /* Release */,
			);
			defaultConfigurationIsVisible = 0;
			defaultConfigurationName = Release;
		};
		2758F8DF2AC773A30093BFA2 /* Build configuration list for PBXNativeTarget "Tabs-swiftUI" */ = {
			isa = XCConfigurationList;
			buildConfigurations = (
				2758F8E02AC773A30093BFA2 /* Debug */,
				2758F8E12AC773A30093BFA2 /* Release */,
			);
			defaultConfigurationIsVisible = 0;
			defaultConfigurationName = Release;
		};
/* End XCConfigurationList section */
	};
	rootObject = 2758F8C92AC7739F0093BFA2 /* Project object */;
}
